
Microsoft Visual Studio Solution File, Format Version 12.00
# Visual Studio 14
VisualStudioVersion = 14.0.25420.1
MinimumVisualStudioVersion = 10.0.40219.1
Project("{FAE04EC0-301F-11D3-BF4B-00C04F79EFBC}") = "SportsStore.Domain", "SportsStore.Domain\SportsStore.Domain.csproj", "{8355E940-0CE6-4F0D-925C-3B49AB745A4B}"
EndProject
Project("{FAE04EC0-301F-11D3-BF4B-00C04F79EFBC}") = "SportsStore.Tests", "SportsStore.Tests\SportsStore.Tests.csproj", "{C82C9C96-16F4-42BE-8241-3728D423D06C}"
EndProject
Project("{FAE04EC0-301F-11D3-BF4B-00C04F79EFBC}") = "SportsStore.WebUI", "SportsStore.WebUI\SportsStore.WebUI.csproj", "{007A26B0-8734-4FA2-B800-1D52FF351B4A}"
EndProject
Global
	GlobalSection(SolutionConfigurationPlatforms) = preSolution
		Debug|Any CPU = Debug|Any CPU
		Release|Any CPU = Release|Any CPU
	EndGlobalSection
	GlobalSection(ProjectConfigurationPlatforms) = postSolution
		{8355E940-0CE6-4F0D-925C-3B49AB745A4B}.Debug|Any CPU.ActiveCfg = Debug|Any CPU
		{8355E940-0CE6-4F0D-925C-3B49AB745A4B}.Debug|Any CPU.Build.0 = Debug|Any CPU
		{8355E940-0CE6-4F0D-925C-3B49AB745A4B}.Release|Any CPU.ActiveCfg = Release|Any CPU
		{8355E940-0CE6-4F0D-925C-3B49AB745A4B}.Release|Any CPU.Build.0 = Release|Any CPU
		{C82C9C96-16F4-42BE-8241-3728D423D06C}.Debug|Any CPU.ActiveCfg = Debug|Any CPU
		{C82C9C96-16F4-42BE-8241-3728D423D06C}.Debug|Any CPU.Build.0 = Debug|Any CPU
		{C82C9C96-16F4-42BE-8241-3728D423D06C}.Release|Any CPU.ActiveCfg = Release|Any CPU
		{C82C9C96-16F4-42BE-8241-3728D423D06C}.Release|Any CPU.Build.0 = Release|Any CPU
		{007A26B0-8734-4FA2-B800-1D52FF351B4A}.Debug|Any CPU.ActiveCfg = Debug|Any CPU
		{007A26B0-8734-4FA2-B800-1D52FF351B4A}.Debug|Any CPU.Build.0 = Debug|Any CPU
		{007A26B0-8734-4FA2-B800-1D52FF351B4A}.Release|Any CPU.ActiveCfg = Release|Any CPU
		{007A26B0-8734-4FA2-B800-1D52FF351B4A}.Release|Any CPU.Build.0 = Release|Any CPU
	EndGlobalSection
	GlobalSection(SolutionProperties) = preSolution
		HideSolutionNode = FALSE
	EndGlobalSection
EndGlobal
