
Microsoft Visual Studio Solution File, Format Version 12.00
# Visual Studio 2012
Project("{FAE04EC0-301F-11D3-BF4B-00C04F79EFBC}") = "XamarinLearning", "XamarinLearning\XamarinLearning.csproj", "{61DC7DC8-E73F-46E3-8F80-81609F14BD36}"
EndProject
Project("{FAE04EC0-301F-11D3-BF4B-00C04F79EFBC}") = "XamarinLearning.iOS", "iOS\XamarinLearning.iOS.csproj", "{42A1A9AD-58E2-4EA4-9710-6A4852E6E548}"
EndProject
Project("{FAE04EC0-301F-11D3-BF4B-00C04F79EFBC}") = "XamarinLearning.Droid", "Droid\XamarinLearning.Droid.csproj", "{91D831C7-55A7-403D-B2EA-9D06E9691AAE}"
EndProject
Global
	GlobalSection(SolutionConfigurationPlatforms) = preSolution
		Debug|Any CPU = Debug|Any CPU
		Release|Any CPU = Release|Any CPU
		Debug|iPhoneSimulator = Debug|iPhoneSimulator
		Release|iPhone = Release|iPhone
		Release|iPhoneSimulator = Release|iPhoneSimulator
		Debug|iPhone = Debug|iPhone
	EndGlobalSection
	GlobalSection(ProjectConfigurationPlatforms) = postSolution
		{61DC7DC8-E73F-46E3-8F80-81609F14BD36}.Debug|Any CPU.ActiveCfg = Debug|Any CPU
		{61DC7DC8-E73F-46E3-8F80-81609F14BD36}.Debug|Any CPU.Build.0 = Debug|Any CPU
		{61DC7DC8-E73F-46E3-8F80-81609F14BD36}.Release|Any CPU.ActiveCfg = Release|Any CPU
		{61DC7DC8-E73F-46E3-8F80-81609F14BD36}.Release|Any CPU.Build.0 = Release|Any CPU
		{61DC7DC8-E73F-46E3-8F80-81609F14BD36}.Debug|iPhoneSimulator.ActiveCfg = Debug|Any CPU
		{61DC7DC8-E73F-46E3-8F80-81609F14BD36}.Debug|iPhoneSimulator.Build.0 = Debug|Any CPU
		{61DC7DC8-E73F-46E3-8F80-81609F14BD36}.Release|iPhone.ActiveCfg = Release|Any CPU
		{61DC7DC8-E73F-46E3-8F80-81609F14BD36}.Release|iPhone.Build.0 = Release|Any CPU
		{61DC7DC8-E73F-46E3-8F80-81609F14BD36}.Release|iPhoneSimulator.ActiveCfg = Release|Any CPU
		{61DC7DC8-E73F-46E3-8F80-81609F14BD36}.Release|iPhoneSimulator.Build.0 = Release|Any CPU
		{61DC7DC8-E73F-46E3-8F80-81609F14BD36}.Debug|iPhone.ActiveCfg = Debug|Any CPU
		{61DC7DC8-E73F-46E3-8F80-81609F14BD36}.Debug|iPhone.Build.0 = Debug|Any CPU
		{42A1A9AD-58E2-4EA4-9710-6A4852E6E548}.Debug|Any CPU.ActiveCfg = Debug|iPhoneSimulator
		{42A1A9AD-58E2-4EA4-9710-6A4852E6E548}.Debug|Any CPU.Build.0 = Debug|iPhoneSimulator
		{42A1A9AD-58E2-4EA4-9710-6A4852E6E548}.Release|Any CPU.ActiveCfg = Debug|iPhoneSimulator
		{42A1A9AD-58E2-4EA4-9710-6A4852E6E548}.Release|Any CPU.Build.0 = Debug|iPhoneSimulator
		{42A1A9AD-58E2-4EA4-9710-6A4852E6E548}.Debug|iPhoneSimulator.ActiveCfg = Debug|iPhoneSimulator
		{42A1A9AD-58E2-4EA4-9710-6A4852E6E548}.Debug|iPhoneSimulator.Build.0 = Debug|iPhoneSimulator
		{42A1A9AD-58E2-4EA4-9710-6A4852E6E548}.Release|iPhone.ActiveCfg = Release|iPhone
		{42A1A9AD-58E2-4EA4-9710-6A4852E6E548}.Release|iPhone.Build.0 = Release|iPhone
		{42A1A9AD-58E2-4EA4-9710-6A4852E6E548}.Release|iPhoneSimulator.ActiveCfg = Release|iPhoneSimulator
		{42A1A9AD-58E2-4EA4-9710-6A4852E6E548}.Release|iPhoneSimulator.Build.0 = Release|iPhoneSimulator
		{42A1A9AD-58E2-4EA4-9710-6A4852E6E548}.Debug|iPhone.ActiveCfg = Debug|iPhone
		{42A1A9AD-58E2-4EA4-9710-6A4852E6E548}.Debug|iPhone.Build.0 = Debug|iPhone
		{91D831C7-55A7-403D-B2EA-9D06E9691AAE}.Debug|Any CPU.ActiveCfg = Debug|Any CPU
		{91D831C7-55A7-403D-B2EA-9D06E9691AAE}.Debug|Any CPU.Build.0 = Debug|Any CPU
		{91D831C7-55A7-403D-B2EA-9D06E9691AAE}.Release|Any CPU.ActiveCfg = Release|Any CPU
		{91D831C7-55A7-403D-B2EA-9D06E9691AAE}.Release|Any CPU.Build.0 = Release|Any CPU
		{91D831C7-55A7-403D-B2EA-9D06E9691AAE}.Debug|iPhoneSimulator.ActiveCfg = Debug|Any CPU
		{91D831C7-55A7-403D-B2EA-9D06E9691AAE}.Debug|iPhoneSimulator.Build.0 = Debug|Any CPU
		{91D831C7-55A7-403D-B2EA-9D06E9691AAE}.Release|iPhone.ActiveCfg = Release|Any CPU
		{91D831C7-55A7-403D-B2EA-9D06E9691AAE}.Release|iPhone.Build.0 = Release|Any CPU
		{91D831C7-55A7-403D-B2EA-9D06E9691AAE}.Release|iPhoneSimulator.ActiveCfg = Release|Any CPU
		{91D831C7-55A7-403D-B2EA-9D06E9691AAE}.Release|iPhoneSimulator.Build.0 = Release|Any CPU
		{91D831C7-55A7-403D-B2EA-9D06E9691AAE}.Debug|iPhone.ActiveCfg = Debug|Any CPU
		{91D831C7-55A7-403D-B2EA-9D06E9691AAE}.Debug|iPhone.Build.0 = Debug|Any CPU
	EndGlobalSection
EndGlobal
